
Microsoft Visual Studio Solution File, Format Version 12.00
# Visual Studio Version 17
VisualStudioVersion = 17.4.33205.214
MinimumVisualStudioVersion = 10.0.40219.1
Project("{FAE04EC0-301F-11D3-BF4B-00C04F79EFBC}") = "Client.Employee", "Client.Employee\Client.Employee.csproj", "{85359F0D-B765-41F0-94DC-9187024F3D62}"
EndProject
Global
	GlobalSection(SolutionConfigurationPlatforms) = preSolution
		Debug|Any CPU = Debug|Any CPU
		Release|Any CPU = Release|Any CPU
	EndGlobalSection
	GlobalSection(ProjectConfigurationPlatforms) = postSolution
		{85359F0D-B765-41F0-94DC-9187024F3D62}.Debug|Any CPU.ActiveCfg = Debug|Any CPU
		{85359F0D-B765-41F0-94DC-9187024F3D62}.Debug|Any CPU.Build.0 = Debug|Any CPU
		{85359F0D-B765-41F0-94DC-9187024F3D62}.Release|Any CPU.ActiveCfg = Release|Any CPU
		{85359F0D-B765-41F0-94DC-9187024F3D62}.Release|Any CPU.Build.0 = Release|Any CPU
	EndGlobalSection
	GlobalSection(SolutionProperties) = preSolution
		HideSolutionNode = FALSE
	EndGlobalSection
	GlobalSection(ExtensibilityGlobals) = postSolution
		SolutionGuid = {64941150-ECF6-4643-AAFB-E52BA5E2BAFF}
	EndGlobalSection
EndGlobal
